{
  "name": "flow-builder",
  "version": "1.0.0",
  "lockfileVersion": 1,
  "requires": true,
  "dependencies": {
    "flow": {
      "version": "0.2.3",
      "resolved": "https://registry.npmjs.org/flow/-/flow-0.2.3.tgz",
      "integrity": "sha1-+Npl76JJEn7Jk3aiiJZXKpeV0a8="
    },
    "three": {
      "version": "0.132.2",
      "resolved": "https://registry.npmjs.org/three/-/three-0.132.2.tgz",
      "integrity": "sha512-0wcR7LxxkXMn6Gi58gEs3QvY8WpTVXA31L2VOvpjm4ZPYFRHCZC13UqynheFoS5OXDYgtBneN0dhbaNBE8iLhQ=="
    },
    "three-mesh-ui": {
      "version": "5.2.1",
      "resolved": "https://registry.npmjs.org/three-mesh-ui/-/three-mesh-ui-5.2.1.tgz",
      "integrity": "sha512-jUuKq0KeGF/Du52FuwcE9oIL8Cfmrf9NkqQu7rWU6bLENRLaf6QsqIulWfbn14YYSN8IChgnSZ1H+5/YLHBOTQ=="
    }
  }
}
